
Microsoft Visual Studio Solution File, Format Version 12.00
# Visual Studio 15
VisualStudioVersion = 15.0.28010.2036
MinimumVisualStudioVersion = 10.0.40219.1
Project("{8BC9CEB8-8B4A-11D0-8D11-00A0C91BC942}") = "1001", "Pat\Pat.vcxproj", "{47B1B7C7-B90C-4881-B965-1E01C4505301}"
EndProject
Project("{8BC9CEB8-8B4A-11D0-8D11-00A0C91BC942}") = "1002", "1002\1002.vcxproj", "{BDD1C70F-6E37-4543-8395-BDEB1857D041}"
EndProject
Project("{8BC9CEB8-8B4A-11D0-8D11-00A0C91BC942}") = "2017_4_1", "2017_4_1\2017_4_1.vcxproj", "{2B52925F-B531-4564-A746-B1A67EDD9AA0}"
EndProject
Project("{8BC9CEB8-8B4A-11D0-8D11-00A0C91BC942}") = "2017_4_2", "2017_4_2\2017_4_2.vcxproj", "{37E2C401-2C34-41F5-A517-B645369AE0E6}"
EndProject
Project("{8BC9CEB8-8B4A-11D0-8D11-00A0C91BC942}") = "Uva10474-WhereIsTheMarble", "Uva10474-WhereIsTheMarble\Uva10474-WhereIsTheMarble.vcxproj", "{79CB7E3D-6B42-41CE-A62B-DDF8B908C331}"
EndProject
Project("{8BC9CEB8-8B4A-11D0-8D11-00A0C91BC942}") = "Uva101-TheBlocksProblem", "Uva101-TheBlocksProblem\Uva101-TheBlocksProblem.vcxproj", "{FEB37DF2-81DF-46F6-A970-041B9BA35B48}"
EndProject
Project("{8BC9CEB8-8B4A-11D0-8D11-00A0C91BC942}") = "2017_4_3", "17-4-3\17-4-3.vcxproj", "{F3AB8D4B-F14D-458E-A9B4-6AB4465F8C36}"
EndProject
Project("{8BC9CEB8-8B4A-11D0-8D11-00A0C91BC942}") = "1003", "1003\1003.vcxproj", "{BC30DD35-06EA-4466-B24E-B82461ADB3A3}"
EndProject
Project("{8BC9CEB8-8B4A-11D0-8D11-00A0C91BC942}") = "1004", "1004\1004.vcxproj", "{4A039234-3640-4DEA-A248-4AD11B1531E4}"
EndProject
Project("{8BC9CEB8-8B4A-11D0-8D11-00A0C91BC942}") = "1005", "1005\1005.vcxproj", "{6528011F-16A1-44F7-810D-A6E287811C16}"
EndProject
Project("{8BC9CEB8-8B4A-11D0-8D11-00A0C91BC942}") = "1006", "1006\1006.vcxproj", "{72C8BC08-1888-4812-A2DB-4D728961975C}"
EndProject
Project("{8BC9CEB8-8B4A-11D0-8D11-00A0C91BC942}") = "1007", "1007\1007.vcxproj", "{B8F08C8C-9913-4423-89EE-16F452F3D9CC}"
EndProject
Project("{8BC9CEB8-8B4A-11D0-8D11-00A0C91BC942}") = "1008", "1008\1008.vcxproj", "{B1827B74-3F43-41F3-AF8C-9E85B0DAFAC4}"
EndProject
Project("{8BC9CEB8-8B4A-11D0-8D11-00A0C91BC942}") = "1009", "1009\1009.vcxproj", "{F4335E6C-A7A1-487E-ADCB-F6155AB84B64}"
EndProject
Project("{8BC9CEB8-8B4A-11D0-8D11-00A0C91BC942}") = "1010", "1010\1010.vcxproj", "{98FBEDE4-2778-48CB-8F37-FE4D92411754}"
EndProject
Project("{8BC9CEB8-8B4A-11D0-8D11-00A0C91BC942}") = "1011", "1011\1011.vcxproj", "{C7913BD7-A198-4009-BEAF-84FD89A143F7}"
EndProject
Project("{8BC9CEB8-8B4A-11D0-8D11-00A0C91BC942}") = "1012", "1012\1012.vcxproj", "{3D25A093-FDFE-4C9B-BAF7-62E77D4BACD0}"
EndProject
Project("{8BC9CEB8-8B4A-11D0-8D11-00A0C91BC942}") = "1013", "1013\1013.vcxproj", "{E6C67D02-0887-48CC-A0B0-9EC884C1242E}"
EndProject
Global
	GlobalSection(SolutionConfigurationPlatforms) = preSolution
		Debug|x64 = Debug|x64
		Debug|x86 = Debug|x86
		Release|x64 = Release|x64
		Release|x86 = Release|x86
	EndGlobalSection
	GlobalSection(ProjectConfigurationPlatforms) = postSolution
		{47B1B7C7-B90C-4881-B965-1E01C4505301}.Debug|x64.ActiveCfg = Debug|x64
		{47B1B7C7-B90C-4881-B965-1E01C4505301}.Debug|x64.Build.0 = Debug|x64
		{47B1B7C7-B90C-4881-B965-1E01C4505301}.Debug|x86.ActiveCfg = Debug|Win32
		{47B1B7C7-B90C-4881-B965-1E01C4505301}.Debug|x86.Build.0 = Debug|Win32
		{47B1B7C7-B90C-4881-B965-1E01C4505301}.Release|x64.ActiveCfg = Release|x64
		{47B1B7C7-B90C-4881-B965-1E01C4505301}.Release|x64.Build.0 = Release|x64
		{47B1B7C7-B90C-4881-B965-1E01C4505301}.Release|x86.ActiveCfg = Release|Win32
		{47B1B7C7-B90C-4881-B965-1E01C4505301}.Release|x86.Build.0 = Release|Win32
		{BDD1C70F-6E37-4543-8395-BDEB1857D041}.Debug|x64.ActiveCfg = Debug|x64
		{BDD1C70F-6E37-4543-8395-BDEB1857D041}.Debug|x64.Build.0 = Debug|x64
		{BDD1C70F-6E37-4543-8395-BDEB1857D041}.Debug|x86.ActiveCfg = Debug|Win32
		{BDD1C70F-6E37-4543-8395-BDEB1857D041}.Debug|x86.Build.0 = Debug|Win32
		{BDD1C70F-6E37-4543-8395-BDEB1857D041}.Release|x64.ActiveCfg = Release|x64
		{BDD1C70F-6E37-4543-8395-BDEB1857D041}.Release|x64.Build.0 = Release|x64
		{BDD1C70F-6E37-4543-8395-BDEB1857D041}.Release|x86.ActiveCfg = Release|Win32
		{BDD1C70F-6E37-4543-8395-BDEB1857D041}.Release|x86.Build.0 = Release|Win32
		{2B52925F-B531-4564-A746-B1A67EDD9AA0}.Debug|x64.ActiveCfg = Debug|x64
		{2B52925F-B531-4564-A746-B1A67EDD9AA0}.Debug|x64.Build.0 = Debug|x64
		{2B52925F-B531-4564-A746-B1A67EDD9AA0}.Debug|x86.ActiveCfg = Debug|Win32
		{2B52925F-B531-4564-A746-B1A67EDD9AA0}.Debug|x86.Build.0 = Debug|Win32
		{2B52925F-B531-4564-A746-B1A67EDD9AA0}.Release|x64.ActiveCfg = Release|x64
		{2B52925F-B531-4564-A746-B1A67EDD9AA0}.Release|x64.Build.0 = Release|x64
		{2B52925F-B531-4564-A746-B1A67EDD9AA0}.Release|x86.ActiveCfg = Release|Win32
		{2B52925F-B531-4564-A746-B1A67EDD9AA0}.Release|x86.Build.0 = Release|Win32
		{37E2C401-2C34-41F5-A517-B645369AE0E6}.Debug|x64.ActiveCfg = Debug|x64
		{37E2C401-2C34-41F5-A517-B645369AE0E6}.Debug|x64.Build.0 = Debug|x64
		{37E2C401-2C34-41F5-A517-B645369AE0E6}.Debug|x86.ActiveCfg = Debug|Win32
		{37E2C401-2C34-41F5-A517-B645369AE0E6}.Debug|x86.Build.0 = Debug|Win32
		{37E2C401-2C34-41F5-A517-B645369AE0E6}.Release|x64.ActiveCfg = Release|x64
		{37E2C401-2C34-41F5-A517-B645369AE0E6}.Release|x64.Build.0 = Release|x64
		{37E2C401-2C34-41F5-A517-B645369AE0E6}.Release|x86.ActiveCfg = Release|Win32
		{37E2C401-2C34-41F5-A517-B645369AE0E6}.Release|x86.Build.0 = Release|Win32
		{79CB7E3D-6B42-41CE-A62B-DDF8B908C331}.Debug|x64.ActiveCfg = Debug|x64
		{79CB7E3D-6B42-41CE-A62B-DDF8B908C331}.Debug|x64.Build.0 = Debug|x64
		{79CB7E3D-6B42-41CE-A62B-DDF8B908C331}.Debug|x86.ActiveCfg = Debug|Win32
		{79CB7E3D-6B42-41CE-A62B-DDF8B908C331}.Debug|x86.Build.0 = Debug|Win32
		{79CB7E3D-6B42-41CE-A62B-DDF8B908C331}.Release|x64.ActiveCfg = Release|x64
		{79CB7E3D-6B42-41CE-A62B-DDF8B908C331}.Release|x64.Build.0 = Release|x64
		{79CB7E3D-6B42-41CE-A62B-DDF8B908C331}.Release|x86.ActiveCfg = Release|Win32
		{79CB7E3D-6B42-41CE-A62B-DDF8B908C331}.Release|x86.Build.0 = Release|Win32
		{FEB37DF2-81DF-46F6-A970-041B9BA35B48}.Debug|x64.ActiveCfg = Debug|x64
		{FEB37DF2-81DF-46F6-A970-041B9BA35B48}.Debug|x64.Build.0 = Debug|x64
		{FEB37DF2-81DF-46F6-A970-041B9BA35B48}.Debug|x86.ActiveCfg = Debug|Win32
		{FEB37DF2-81DF-46F6-A970-041B9BA35B48}.Debug|x86.Build.0 = Debug|Win32
		{FEB37DF2-81DF-46F6-A970-041B9BA35B48}.Release|x64.ActiveCfg = Release|x64
		{FEB37DF2-81DF-46F6-A970-041B9BA35B48}.Release|x64.Build.0 = Release|x64
		{FEB37DF2-81DF-46F6-A970-041B9BA35B48}.Release|x86.ActiveCfg = Release|Win32
		{FEB37DF2-81DF-46F6-A970-041B9BA35B48}.Release|x86.Build.0 = Release|Win32
		{F3AB8D4B-F14D-458E-A9B4-6AB4465F8C36}.Debug|x64.ActiveCfg = Debug|x64
		{F3AB8D4B-F14D-458E-A9B4-6AB4465F8C36}.Debug|x64.Build.0 = Debug|x64
		{F3AB8D4B-F14D-458E-A9B4-6AB4465F8C36}.Debug|x86.ActiveCfg = Debug|Win32
		{F3AB8D4B-F14D-458E-A9B4-6AB4465F8C36}.Debug|x86.Build.0 = Debug|Win32
		{F3AB8D4B-F14D-458E-A9B4-6AB4465F8C36}.Release|x64.ActiveCfg = Release|x64
		{F3AB8D4B-F14D-458E-A9B4-6AB4465F8C36}.Release|x64.Build.0 = Release|x64
		{F3AB8D4B-F14D-458E-A9B4-6AB4465F8C36}.Release|x86.ActiveCfg = Release|Win32
		{F3AB8D4B-F14D-458E-A9B4-6AB4465F8C36}.Release|x86.Build.0 = Release|Win32
		{BC30DD35-06EA-4466-B24E-B82461ADB3A3}.Debug|x64.ActiveCfg = Debug|x64
		{BC30DD35-06EA-4466-B24E-B82461ADB3A3}.Debug|x64.Build.0 = Debug|x64
		{BC30DD35-06EA-4466-B24E-B82461ADB3A3}.Debug|x86.ActiveCfg = Debug|Win32
		{BC30DD35-06EA-4466-B24E-B82461ADB3A3}.Debug|x86.Build.0 = Debug|Win32
		{BC30DD35-06EA-4466-B24E-B82461ADB3A3}.Release|x64.ActiveCfg = Release|x64
		{BC30DD35-06EA-4466-B24E-B82461ADB3A3}.Release|x64.Build.0 = Release|x64
		{BC30DD35-06EA-4466-B24E-B82461ADB3A3}.Release|x86.ActiveCfg = Release|Win32
		{BC30DD35-06EA-4466-B24E-B82461ADB3A3}.Release|x86.Build.0 = Release|Win32
		{4A039234-3640-4DEA-A248-4AD11B1531E4}.Debug|x64.ActiveCfg = Debug|x64
		{4A039234-3640-4DEA-A248-4AD11B1531E4}.Debug|x64.Build.0 = Debug|x64
		{4A039234-3640-4DEA-A248-4AD11B1531E4}.Debug|x86.ActiveCfg = Debug|Win32
		{4A039234-3640-4DEA-A248-4AD11B1531E4}.Debug|x86.Build.0 = Debug|Win32
		{4A039234-3640-4DEA-A248-4AD11B1531E4}.Release|x64.ActiveCfg = Release|x64
		{4A039234-3640-4DEA-A248-4AD11B1531E4}.Release|x64.Build.0 = Release|x64
		{4A039234-3640-4DEA-A248-4AD11B1531E4}.Release|x86.ActiveCfg = Release|Win32
		{4A039234-3640-4DEA-A248-4AD11B1531E4}.Release|x86.Build.0 = Release|Win32
		{6528011F-16A1-44F7-810D-A6E287811C16}.Debug|x64.ActiveCfg = Debug|x64
		{6528011F-16A1-44F7-810D-A6E287811C16}.Debug|x64.Build.0 = Debug|x64
		{6528011F-16A1-44F7-810D-A6E287811C16}.Debug|x86.ActiveCfg = Debug|Win32
		{6528011F-16A1-44F7-810D-A6E287811C16}.Debug|x86.Build.0 = Debug|Win32
		{6528011F-16A1-44F7-810D-A6E287811C16}.Release|x64.ActiveCfg = Release|x64
		{6528011F-16A1-44F7-810D-A6E287811C16}.Release|x64.Build.0 = Release|x64
		{6528011F-16A1-44F7-810D-A6E287811C16}.Release|x86.ActiveCfg = Release|Win32
		{6528011F-16A1-44F7-810D-A6E287811C16}.Release|x86.Build.0 = Release|Win32
		{72C8BC08-1888-4812-A2DB-4D728961975C}.Debug|x64.ActiveCfg = Debug|x64
		{72C8BC08-1888-4812-A2DB-4D728961975C}.Debug|x64.Build.0 = Debug|x64
		{72C8BC08-1888-4812-A2DB-4D728961975C}.Debug|x86.ActiveCfg = Debug|Win32
		{72C8BC08-1888-4812-A2DB-4D728961975C}.Debug|x86.Build.0 = Debug|Win32
		{72C8BC08-1888-4812-A2DB-4D728961975C}.Release|x64.ActiveCfg = Release|x64
		{72C8BC08-1888-4812-A2DB-4D728961975C}.Release|x64.Build.0 = Release|x64
		{72C8BC08-1888-4812-A2DB-4D728961975C}.Release|x86.ActiveCfg = Release|Win32
		{72C8BC08-1888-4812-A2DB-4D728961975C}.Release|x86.Build.0 = Release|Win32
		{B8F08C8C-9913-4423-89EE-16F452F3D9CC}.Debug|x64.ActiveCfg = Debug|x64
		{B8F08C8C-9913-4423-89EE-16F452F3D9CC}.Debug|x64.Build.0 = Debug|x64
		{B8F08C8C-9913-4423-89EE-16F452F3D9CC}.Debug|x86.ActiveCfg = Debug|Win32
		{B8F08C8C-9913-4423-89EE-16F452F3D9CC}.Debug|x86.Build.0 = Debug|Win32
		{B8F08C8C-9913-4423-89EE-16F452F3D9CC}.Release|x64.ActiveCfg = Release|x64
		{B8F08C8C-9913-4423-89EE-16F452F3D9CC}.Release|x64.Build.0 = Release|x64
		{B8F08C8C-9913-4423-89EE-16F452F3D9CC}.Release|x86.ActiveCfg = Release|Win32
		{B8F08C8C-9913-4423-89EE-16F452F3D9CC}.Release|x86.Build.0 = Release|Win32
		{B1827B74-3F43-41F3-AF8C-9E85B0DAFAC4}.Debug|x64.ActiveCfg = Debug|x64
		{B1827B74-3F43-41F3-AF8C-9E85B0DAFAC4}.Debug|x64.Build.0 = Debug|x64
		{B1827B74-3F43-41F3-AF8C-9E85B0DAFAC4}.Debug|x86.ActiveCfg = Debug|Win32
		{B1827B74-3F43-41F3-AF8C-9E85B0DAFAC4}.Debug|x86.Build.0 = Debug|Win32
		{B1827B74-3F43-41F3-AF8C-9E85B0DAFAC4}.Release|x64.ActiveCfg = Release|x64
		{B1827B74-3F43-41F3-AF8C-9E85B0DAFAC4}.Release|x64.Build.0 = Release|x64
		{B1827B74-3F43-41F3-AF8C-9E85B0DAFAC4}.Release|x86.ActiveCfg = Release|Win32
		{B1827B74-3F43-41F3-AF8C-9E85B0DAFAC4}.Release|x86.Build.0 = Release|Win32
		{F4335E6C-A7A1-487E-ADCB-F6155AB84B64}.Debug|x64.ActiveCfg = Debug|x64
		{F4335E6C-A7A1-487E-ADCB-F6155AB84B64}.Debug|x64.Build.0 = Debug|x64
		{F4335E6C-A7A1-487E-ADCB-F6155AB84B64}.Debug|x86.ActiveCfg = Debug|Win32
		{F4335E6C-A7A1-487E-ADCB-F6155AB84B64}.Debug|x86.Build.0 = Debug|Win32
		{F4335E6C-A7A1-487E-ADCB-F6155AB84B64}.Release|x64.ActiveCfg = Release|x64
		{F4335E6C-A7A1-487E-ADCB-F6155AB84B64}.Release|x64.Build.0 = Release|x64
		{F4335E6C-A7A1-487E-ADCB-F6155AB84B64}.Release|x86.ActiveCfg = Release|Win32
		{F4335E6C-A7A1-487E-ADCB-F6155AB84B64}.Release|x86.Build.0 = Release|Win32
		{98FBEDE4-2778-48CB-8F37-FE4D92411754}.Debug|x64.ActiveCfg = Debug|x64
		{98FBEDE4-2778-48CB-8F37-FE4D92411754}.Debug|x64.Build.0 = Debug|x64
		{98FBEDE4-2778-48CB-8F37-FE4D92411754}.Debug|x86.ActiveCfg = Debug|Win32
		{98FBEDE4-2778-48CB-8F37-FE4D92411754}.Debug|x86.Build.0 = Debug|Win32
		{98FBEDE4-2778-48CB-8F37-FE4D92411754}.Release|x64.ActiveCfg = Release|x64
		{98FBEDE4-2778-48CB-8F37-FE4D92411754}.Release|x64.Build.0 = Release|x64
		{98FBEDE4-2778-48CB-8F37-FE4D92411754}.Release|x86.ActiveCfg = Release|Win32
		{98FBEDE4-2778-48CB-8F37-FE4D92411754}.Release|x86.Build.0 = Release|Win32
		{C7913BD7-A198-4009-BEAF-84FD89A143F7}.Debug|x64.ActiveCfg = Debug|x64
		{C7913BD7-A198-4009-BEAF-84FD89A143F7}.Debug|x64.Build.0 = Debug|x64
		{C7913BD7-A198-4009-BEAF-84FD89A143F7}.Debug|x86.ActiveCfg = Debug|Win32
		{C7913BD7-A198-4009-BEAF-84FD89A143F7}.Debug|x86.Build.0 = Debug|Win32
		{C7913BD7-A198-4009-BEAF-84FD89A143F7}.Release|x64.ActiveCfg = Release|x64
		{C7913BD7-A198-4009-BEAF-84FD89A143F7}.Release|x64.Build.0 = Release|x64
		{C7913BD7-A198-4009-BEAF-84FD89A143F7}.Release|x86.ActiveCfg = Release|Win32
		{C7913BD7-A198-4009-BEAF-84FD89A143F7}.Release|x86.Build.0 = Release|Win32
		{3D25A093-FDFE-4C9B-BAF7-62E77D4BACD0}.Debug|x64.ActiveCfg = Debug|x64
		{3D25A093-FDFE-4C9B-BAF7-62E77D4BACD0}.Debug|x64.Build.0 = Debug|x64
		{3D25A093-FDFE-4C9B-BAF7-62E77D4BACD0}.Debug|x86.ActiveCfg = Debug|Win32
		{3D25A093-FDFE-4C9B-BAF7-62E77D4BACD0}.Debug|x86.Build.0 = Debug|Win32
		{3D25A093-FDFE-4C9B-BAF7-62E77D4BACD0}.Release|x64.ActiveCfg = Release|x64
		{3D25A093-FDFE-4C9B-BAF7-62E77D4BACD0}.Release|x64.Build.0 = Release|x64
		{3D25A093-FDFE-4C9B-BAF7-62E77D4BACD0}.Release|x86.ActiveCfg = Release|Win32
		{3D25A093-FDFE-4C9B-BAF7-62E77D4BACD0}.Release|x86.Build.0 = Release|Win32
		{E6C67D02-0887-48CC-A0B0-9EC884C1242E}.Debug|x64.ActiveCfg = Debug|x64
		{E6C67D02-0887-48CC-A0B0-9EC884C1242E}.Debug|x64.Build.0 = Debug|x64
		{E6C67D02-0887-48CC-A0B0-9EC884C1242E}.Debug|x86.ActiveCfg = Debug|Win32
		{E6C67D02-0887-48CC-A0B0-9EC884C1242E}.Debug|x86.Build.0 = Debug|Win32
		{E6C67D02-0887-48CC-A0B0-9EC884C1242E}.Release|x64.ActiveCfg = Release|x64
		{E6C67D02-0887-48CC-A0B0-9EC884C1242E}.Release|x64.Build.0 = Release|x64
		{E6C67D02-0887-48CC-A0B0-9EC884C1242E}.Release|x86.ActiveCfg = Release|Win32
		{E6C67D02-0887-48CC-A0B0-9EC884C1242E}.Release|x86.Build.0 = Release|Win32
	EndGlobalSection
	GlobalSection(SolutionProperties) = preSolution
		HideSolutionNode = FALSE
	EndGlobalSection
	GlobalSection(ExtensibilityGlobals) = postSolution
		SolutionGuid = {2AE31442-FD43-4D1A-B49D-DDE9BA7541C7}
	EndGlobalSection
EndGlobal
