
Microsoft Visual Studio Solution File, Format Version 12.00
# Visual Studio 15
VisualStudioVersion = 15.0.28010.2036
MinimumVisualStudioVersion = 10.0.40219.1
Project("{8BC9CEB8-8B4A-11D0-8D11-00A0C91BC942}") = "1002", "1002\1002.vcxproj", "{BDD1C70F-6E37-4543-8395-BDEB1857D041}"
EndProject
Project("{8BC9CEB8-8B4A-11D0-8D11-00A0C91BC942}") = "2017_4_1", "2017_4_1\2017_4_1.vcxproj", "{2B52925F-B531-4564-A746-B1A67EDD9AA0}"
EndProject
Project("{8BC9CEB8-8B4A-11D0-8D11-00A0C91BC942}") = "2017_4_2", "2017_4_2\2017_4_2.vcxproj", "{37E2C401-2C34-41F5-A517-B645369AE0E6}"
EndProject
Project("{8BC9CEB8-8B4A-11D0-8D11-00A0C91BC942}") = "Uva10474-WhereIsTheMarble", "Uva10474-WhereIsTheMarble\Uva10474-WhereIsTheMarble.vcxproj", "{79CB7E3D-6B42-41CE-A62B-DDF8B908C331}"
EndProject
Project("{8BC9CEB8-8B4A-11D0-8D11-00A0C91BC942}") = "Uva101-TheBlocksProblem", "Uva101-TheBlocksProblem\Uva101-TheBlocksProblem.vcxproj", "{FEB37DF2-81DF-46F6-A970-041B9BA35B48}"
EndProject
Project("{8BC9CEB8-8B4A-11D0-8D11-00A0C91BC942}") = "2017_4_3", "17-4-3\17-4-3.vcxproj", "{F3AB8D4B-F14D-458E-A9B4-6AB4465F8C36}"
EndProject
Project("{8BC9CEB8-8B4A-11D0-8D11-00A0C91BC942}") = "1003", "1003\1003.vcxproj", "{BC30DD35-06EA-4466-B24E-B82461ADB3A3}"
EndProject
Project("{8BC9CEB8-8B4A-11D0-8D11-00A0C91BC942}") = "1004", "1004\1004.vcxproj", "{4A039234-3640-4DEA-A248-4AD11B1531E4}"
EndProject
Project("{8BC9CEB8-8B4A-11D0-8D11-00A0C91BC942}") = "1005", "1005\1005.vcxproj", "{6528011F-16A1-44F7-810D-A6E287811C16}"
EndProject
Project("{8BC9CEB8-8B4A-11D0-8D11-00A0C91BC942}") = "1006", "1006\1006.vcxproj", "{72C8BC08-1888-4812-A2DB-4D728961975C}"
EndProject
Project("{8BC9CEB8-8B4A-11D0-8D11-00A0C91BC942}") = "1007", "1007\1007.vcxproj", "{B8F08C8C-9913-4423-89EE-16F452F3D9CC}"
EndProject
Project("{8BC9CEB8-8B4A-11D0-8D11-00A0C91BC942}") = "1008", "1008\1008.vcxproj", "{B1827B74-3F43-41F3-AF8C-9E85B0DAFAC4}"
EndProject
Project("{8BC9CEB8-8B4A-11D0-8D11-00A0C91BC942}") = "1009", "1009\1009.vcxproj", "{F4335E6C-A7A1-487E-ADCB-F6155AB84B64}"
EndProject
Project("{8BC9CEB8-8B4A-11D0-8D11-00A0C91BC942}") = "1010", "1010\1010.vcxproj", "{98FBEDE4-2778-48CB-8F37-FE4D92411754}"
EndProject
Project("{8BC9CEB8-8B4A-11D0-8D11-00A0C91BC942}") = "1011", "1011\1011.vcxproj", "{C7913BD7-A198-4009-BEAF-84FD89A143F7}"
EndProject
Project("{8BC9CEB8-8B4A-11D0-8D11-00A0C91BC942}") = "1012", "1012\1012.vcxproj", "{3D25A093-FDFE-4C9B-BAF7-62E77D4BACD0}"
EndProject
Project("{8BC9CEB8-8B4A-11D0-8D11-00A0C91BC942}") = "1013", "1013\1013.vcxproj", "{E6C67D02-0887-48CC-A0B0-9EC884C1242E}"
EndProject
Project("{8BC9CEB8-8B4A-11D0-8D11-00A0C91BC942}") = "1014", "1014\1014.vcxproj", "{E39A51A2-185A-48AD-B798-7815159A130B}"
EndProject
Project("{8BC9CEB8-8B4A-11D0-8D11-00A0C91BC942}") = "1015", "1015\1015.vcxproj", "{0A72451E-05C8-4151-A71E-E68267F1A9FF}"
EndProject
Project("{8BC9CEB8-8B4A-11D0-8D11-00A0C91BC942}") = "1016", "1016\1016.vcxproj", "{4781C7E7-BF0A-4804-BCC4-5E9ACC89E3A3}"
EndProject
Project("{8BC9CEB8-8B4A-11D0-8D11-00A0C91BC942}") = "1017", "1017\1017.vcxproj", "{17CEE159-FC5B-40CB-8ADA-1252C8820CCA}"
EndProject
Project("{8BC9CEB8-8B4A-11D0-8D11-00A0C91BC942}") = "1018", "1018\1018.vcxproj", "{96E7F495-BE51-464C-B4A7-9BDBBFCC518B}"
EndProject
Project("{8BC9CEB8-8B4A-11D0-8D11-00A0C91BC942}") = "1019", "1019\1019.vcxproj", "{C3B7FADB-E434-4404-8028-8156BEB650D0}"
EndProject
Project("{8BC9CEB8-8B4A-11D0-8D11-00A0C91BC942}") = "1020", "1020\1020.vcxproj", "{94501E25-3F89-4BBE-988B-3FF99D61670A}"
EndProject
Project("{8BC9CEB8-8B4A-11D0-8D11-00A0C91BC942}") = "1021", "1021\1021.vcxproj", "{EF60E93C-1C58-4D46-AA27-223E36A9BE74}"
EndProject
Project("{8BC9CEB8-8B4A-11D0-8D11-00A0C91BC942}") = "1022", "1022\1022.vcxproj", "{DAEDD4B2-26B5-4447-A3DF-1987A182CE77}"
EndProject
Project("{8BC9CEB8-8B4A-11D0-8D11-00A0C91BC942}") = "1023", "1023\1023.vcxproj", "{513D1159-AB9F-49CD-9088-A7E960B04CBF}"
EndProject
Project("{8BC9CEB8-8B4A-11D0-8D11-00A0C91BC942}") = "1024", "1024\1024.vcxproj", "{2964DDA9-ED47-45FF-BDE8-340145CA6BD6}"
EndProject
Project("{8BC9CEB8-8B4A-11D0-8D11-00A0C91BC942}") = "1001", "1001\Pat.vcxproj", "{47B1B7C7-B90C-4881-B965-1E01C4505301}"
EndProject
Project("{8BC9CEB8-8B4A-11D0-8D11-00A0C91BC942}") = "1025", "1025\Convert-Link.vcxproj", "{A05D92CB-1BB6-44D6-9A95-C34D90FF4AFC}"
EndProject
Project("{8BC9CEB8-8B4A-11D0-8D11-00A0C91BC942}") = "1026", "1026\1026.vcxproj", "{6A30C7F0-7010-4E51-AAEA-A9F385D6F11E}"
EndProject
Project("{8BC9CEB8-8B4A-11D0-8D11-00A0C91BC942}") = "1027", "1027\1027.vcxproj", "{E81AC186-3666-4F49-B402-C4881D9324A8}"
EndProject
Project("{8BC9CEB8-8B4A-11D0-8D11-00A0C91BC942}") = "1028", "1028\1028.vcxproj", "{6B13ECFA-2254-45B9-A223-0D15C4ED6DA4}"
EndProject
Project("{8BC9CEB8-8B4A-11D0-8D11-00A0C91BC942}") = "1029", "1029\1029.vcxproj", "{B02DA857-2D60-47BF-A8AD-3F43F002D5DA}"
EndProject
Project("{8BC9CEB8-8B4A-11D0-8D11-00A0C91BC942}") = "1030", "1030\1030.vcxproj", "{155D02E5-9603-4F86-A2DF-6489C9743B86}"
EndProject
Project("{8BC9CEB8-8B4A-11D0-8D11-00A0C91BC942}") = "1031", "1031\1031.vcxproj", "{81A84E5F-CEF7-4F9D-AF05-D5BD54A0BCF6}"
EndProject
Project("{8BC9CEB8-8B4A-11D0-8D11-00A0C91BC942}") = "1032", "1032\1032.vcxproj", "{5A6E04DF-36A0-412A-9757-8DBFD89B5C1D}"
EndProject
Project("{8BC9CEB8-8B4A-11D0-8D11-00A0C91BC942}") = "1033", "1033\1033.vcxproj", "{8342B938-120C-4348-BF04-3FC86EEA634A}"
EndProject
Project("{8BC9CEB8-8B4A-11D0-8D11-00A0C91BC942}") = "1034", "1034\1034.vcxproj", "{431B09E2-79AA-49F0-9142-71627F424D41}"
EndProject
Project("{8BC9CEB8-8B4A-11D0-8D11-00A0C91BC942}") = "1035", "1035\1035.vcxproj", "{CBC7D986-7D16-4ACB-899D-39B7853A266D}"
EndProject
Project("{8BC9CEB8-8B4A-11D0-8D11-00A0C91BC942}") = "1036", "1036\1036.vcxproj", "{475EEAAA-4B0C-44BE-9C23-EB7C4E4DE06A}"
EndProject
Project("{8BC9CEB8-8B4A-11D0-8D11-00A0C91BC942}") = "1037", "1037\1037.vcxproj", "{9A03EA8B-751E-4838-8FF4-7B8924D8A84F}"
EndProject
Project("{8BC9CEB8-8B4A-11D0-8D11-00A0C91BC942}") = "1038", "1038\1038.vcxproj", "{1C620F84-C442-4D06-9792-E745EE42E7AC}"
EndProject
Project("{8BC9CEB8-8B4A-11D0-8D11-00A0C91BC942}") = "1039", "1039\1039.vcxproj", "{9994CA9F-B112-41EC-963F-0FF20F82D962}"
EndProject
Project("{8BC9CEB8-8B4A-11D0-8D11-00A0C91BC942}") = "1040", "1040\1040.vcxproj", "{5E3FBE01-C6CA-4482-A226-EAA4951F9EB0}"
EndProject
Project("{8BC9CEB8-8B4A-11D0-8D11-00A0C91BC942}") = "1041", "1041\1041.vcxproj", "{3DDBEF35-885B-4814-B891-DBC2D773E9DE}"
EndProject
Global
	GlobalSection(SolutionConfigurationPlatforms) = preSolution
		Debug|x64 = Debug|x64
		Debug|x86 = Debug|x86
		Release|x64 = Release|x64
		Release|x86 = Release|x86
	EndGlobalSection
	GlobalSection(ProjectConfigurationPlatforms) = postSolution
		{BDD1C70F-6E37-4543-8395-BDEB1857D041}.Debug|x64.ActiveCfg = Debug|x64
		{BDD1C70F-6E37-4543-8395-BDEB1857D041}.Debug|x64.Build.0 = Debug|x64
		{BDD1C70F-6E37-4543-8395-BDEB1857D041}.Debug|x86.ActiveCfg = Debug|Win32
		{BDD1C70F-6E37-4543-8395-BDEB1857D041}.Debug|x86.Build.0 = Debug|Win32
		{BDD1C70F-6E37-4543-8395-BDEB1857D041}.Release|x64.ActiveCfg = Release|x64
		{BDD1C70F-6E37-4543-8395-BDEB1857D041}.Release|x64.Build.0 = Release|x64
		{BDD1C70F-6E37-4543-8395-BDEB1857D041}.Release|x86.ActiveCfg = Release|Win32
		{BDD1C70F-6E37-4543-8395-BDEB1857D041}.Release|x86.Build.0 = Release|Win32
		{2B52925F-B531-4564-A746-B1A67EDD9AA0}.Debug|x64.ActiveCfg = Debug|x64
		{2B52925F-B531-4564-A746-B1A67EDD9AA0}.Debug|x64.Build.0 = Debug|x64
		{2B52925F-B531-4564-A746-B1A67EDD9AA0}.Debug|x86.ActiveCfg = Debug|Win32
		{2B52925F-B531-4564-A746-B1A67EDD9AA0}.Debug|x86.Build.0 = Debug|Win32
		{2B52925F-B531-4564-A746-B1A67EDD9AA0}.Release|x64.ActiveCfg = Release|x64
		{2B52925F-B531-4564-A746-B1A67EDD9AA0}.Release|x64.Build.0 = Release|x64
		{2B52925F-B531-4564-A746-B1A67EDD9AA0}.Release|x86.ActiveCfg = Release|Win32
		{2B52925F-B531-4564-A746-B1A67EDD9AA0}.Release|x86.Build.0 = Release|Win32
		{37E2C401-2C34-41F5-A517-B645369AE0E6}.Debug|x64.ActiveCfg = Debug|x64
		{37E2C401-2C34-41F5-A517-B645369AE0E6}.Debug|x64.Build.0 = Debug|x64
		{37E2C401-2C34-41F5-A517-B645369AE0E6}.Debug|x86.ActiveCfg = Debug|Win32
		{37E2C401-2C34-41F5-A517-B645369AE0E6}.Debug|x86.Build.0 = Debug|Win32
		{37E2C401-2C34-41F5-A517-B645369AE0E6}.Release|x64.ActiveCfg = Release|x64
		{37E2C401-2C34-41F5-A517-B645369AE0E6}.Release|x64.Build.0 = Release|x64
		{37E2C401-2C34-41F5-A517-B645369AE0E6}.Release|x86.ActiveCfg = Release|Win32
		{37E2C401-2C34-41F5-A517-B645369AE0E6}.Release|x86.Build.0 = Release|Win32
		{79CB7E3D-6B42-41CE-A62B-DDF8B908C331}.Debug|x64.ActiveCfg = Debug|x64
		{79CB7E3D-6B42-41CE-A62B-DDF8B908C331}.Debug|x64.Build.0 = Debug|x64
		{79CB7E3D-6B42-41CE-A62B-DDF8B908C331}.Debug|x86.ActiveCfg = Debug|Win32
		{79CB7E3D-6B42-41CE-A62B-DDF8B908C331}.Debug|x86.Build.0 = Debug|Win32
		{79CB7E3D-6B42-41CE-A62B-DDF8B908C331}.Release|x64.ActiveCfg = Release|x64
		{79CB7E3D-6B42-41CE-A62B-DDF8B908C331}.Release|x64.Build.0 = Release|x64
		{79CB7E3D-6B42-41CE-A62B-DDF8B908C331}.Release|x86.ActiveCfg = Release|Win32
		{79CB7E3D-6B42-41CE-A62B-DDF8B908C331}.Release|x86.Build.0 = Release|Win32
		{FEB37DF2-81DF-46F6-A970-041B9BA35B48}.Debug|x64.ActiveCfg = Debug|x64
		{FEB37DF2-81DF-46F6-A970-041B9BA35B48}.Debug|x64.Build.0 = Debug|x64
		{FEB37DF2-81DF-46F6-A970-041B9BA35B48}.Debug|x86.ActiveCfg = Debug|Win32
		{FEB37DF2-81DF-46F6-A970-041B9BA35B48}.Debug|x86.Build.0 = Debug|Win32
		{FEB37DF2-81DF-46F6-A970-041B9BA35B48}.Release|x64.ActiveCfg = Release|x64
		{FEB37DF2-81DF-46F6-A970-041B9BA35B48}.Release|x64.Build.0 = Release|x64
		{FEB37DF2-81DF-46F6-A970-041B9BA35B48}.Release|x86.ActiveCfg = Release|Win32
		{FEB37DF2-81DF-46F6-A970-041B9BA35B48}.Release|x86.Build.0 = Release|Win32
		{F3AB8D4B-F14D-458E-A9B4-6AB4465F8C36}.Debug|x64.ActiveCfg = Debug|x64
		{F3AB8D4B-F14D-458E-A9B4-6AB4465F8C36}.Debug|x64.Build.0 = Debug|x64
		{F3AB8D4B-F14D-458E-A9B4-6AB4465F8C36}.Debug|x86.ActiveCfg = Debug|Win32
		{F3AB8D4B-F14D-458E-A9B4-6AB4465F8C36}.Debug|x86.Build.0 = Debug|Win32
		{F3AB8D4B-F14D-458E-A9B4-6AB4465F8C36}.Release|x64.ActiveCfg = Release|x64
		{F3AB8D4B-F14D-458E-A9B4-6AB4465F8C36}.Release|x64.Build.0 = Release|x64
		{F3AB8D4B-F14D-458E-A9B4-6AB4465F8C36}.Release|x86.ActiveCfg = Release|Win32
		{F3AB8D4B-F14D-458E-A9B4-6AB4465F8C36}.Release|x86.Build.0 = Release|Win32
		{BC30DD35-06EA-4466-B24E-B82461ADB3A3}.Debug|x64.ActiveCfg = Debug|x64
		{BC30DD35-06EA-4466-B24E-B82461ADB3A3}.Debug|x64.Build.0 = Debug|x64
		{BC30DD35-06EA-4466-B24E-B82461ADB3A3}.Debug|x86.ActiveCfg = Debug|Win32
		{BC30DD35-06EA-4466-B24E-B82461ADB3A3}.Debug|x86.Build.0 = Debug|Win32
		{BC30DD35-06EA-4466-B24E-B82461ADB3A3}.Release|x64.ActiveCfg = Release|x64
		{BC30DD35-06EA-4466-B24E-B82461ADB3A3}.Release|x64.Build.0 = Release|x64
		{BC30DD35-06EA-4466-B24E-B82461ADB3A3}.Release|x86.ActiveCfg = Release|Win32
		{BC30DD35-06EA-4466-B24E-B82461ADB3A3}.Release|x86.Build.0 = Release|Win32
		{4A039234-3640-4DEA-A248-4AD11B1531E4}.Debug|x64.ActiveCfg = Debug|x64
		{4A039234-3640-4DEA-A248-4AD11B1531E4}.Debug|x64.Build.0 = Debug|x64
		{4A039234-3640-4DEA-A248-4AD11B1531E4}.Debug|x86.ActiveCfg = Debug|Win32
		{4A039234-3640-4DEA-A248-4AD11B1531E4}.Debug|x86.Build.0 = Debug|Win32
		{4A039234-3640-4DEA-A248-4AD11B1531E4}.Release|x64.ActiveCfg = Release|x64
		{4A039234-3640-4DEA-A248-4AD11B1531E4}.Release|x64.Build.0 = Release|x64
		{4A039234-3640-4DEA-A248-4AD11B1531E4}.Release|x86.ActiveCfg = Release|Win32
		{4A039234-3640-4DEA-A248-4AD11B1531E4}.Release|x86.Build.0 = Release|Win32
		{6528011F-16A1-44F7-810D-A6E287811C16}.Debug|x64.ActiveCfg = Debug|x64
		{6528011F-16A1-44F7-810D-A6E287811C16}.Debug|x64.Build.0 = Debug|x64
		{6528011F-16A1-44F7-810D-A6E287811C16}.Debug|x86.ActiveCfg = Debug|Win32
		{6528011F-16A1-44F7-810D-A6E287811C16}.Debug|x86.Build.0 = Debug|Win32
		{6528011F-16A1-44F7-810D-A6E287811C16}.Release|x64.ActiveCfg = Release|x64
		{6528011F-16A1-44F7-810D-A6E287811C16}.Release|x64.Build.0 = Release|x64
		{6528011F-16A1-44F7-810D-A6E287811C16}.Release|x86.ActiveCfg = Release|Win32
		{6528011F-16A1-44F7-810D-A6E287811C16}.Release|x86.Build.0 = Release|Win32
		{72C8BC08-1888-4812-A2DB-4D728961975C}.Debug|x64.ActiveCfg = Debug|x64
		{72C8BC08-1888-4812-A2DB-4D728961975C}.Debug|x64.Build.0 = Debug|x64
		{72C8BC08-1888-4812-A2DB-4D728961975C}.Debug|x86.ActiveCfg = Debug|Win32
		{72C8BC08-1888-4812-A2DB-4D728961975C}.Debug|x86.Build.0 = Debug|Win32
		{72C8BC08-1888-4812-A2DB-4D728961975C}.Release|x64.ActiveCfg = Release|x64
		{72C8BC08-1888-4812-A2DB-4D728961975C}.Release|x64.Build.0 = Release|x64
		{72C8BC08-1888-4812-A2DB-4D728961975C}.Release|x86.ActiveCfg = Release|Win32
		{72C8BC08-1888-4812-A2DB-4D728961975C}.Release|x86.Build.0 = Release|Win32
		{B8F08C8C-9913-4423-89EE-16F452F3D9CC}.Debug|x64.ActiveCfg = Debug|x64
		{B8F08C8C-9913-4423-89EE-16F452F3D9CC}.Debug|x64.Build.0 = Debug|x64
		{B8F08C8C-9913-4423-89EE-16F452F3D9CC}.Debug|x86.ActiveCfg = Debug|Win32
		{B8F08C8C-9913-4423-89EE-16F452F3D9CC}.Debug|x86.Build.0 = Debug|Win32
		{B8F08C8C-9913-4423-89EE-16F452F3D9CC}.Release|x64.ActiveCfg = Release|x64
		{B8F08C8C-9913-4423-89EE-16F452F3D9CC}.Release|x64.Build.0 = Release|x64
		{B8F08C8C-9913-4423-89EE-16F452F3D9CC}.Release|x86.ActiveCfg = Release|Win32
		{B8F08C8C-9913-4423-89EE-16F452F3D9CC}.Release|x86.Build.0 = Release|Win32
		{B1827B74-3F43-41F3-AF8C-9E85B0DAFAC4}.Debug|x64.ActiveCfg = Debug|x64
		{B1827B74-3F43-41F3-AF8C-9E85B0DAFAC4}.Debug|x64.Build.0 = Debug|x64
		{B1827B74-3F43-41F3-AF8C-9E85B0DAFAC4}.Debug|x86.ActiveCfg = Debug|Win32
		{B1827B74-3F43-41F3-AF8C-9E85B0DAFAC4}.Debug|x86.Build.0 = Debug|Win32
		{B1827B74-3F43-41F3-AF8C-9E85B0DAFAC4}.Release|x64.ActiveCfg = Release|x64
		{B1827B74-3F43-41F3-AF8C-9E85B0DAFAC4}.Release|x64.Build.0 = Release|x64
		{B1827B74-3F43-41F3-AF8C-9E85B0DAFAC4}.Release|x86.ActiveCfg = Release|Win32
		{B1827B74-3F43-41F3-AF8C-9E85B0DAFAC4}.Release|x86.Build.0 = Release|Win32
		{F4335E6C-A7A1-487E-ADCB-F6155AB84B64}.Debug|x64.ActiveCfg = Debug|x64
		{F4335E6C-A7A1-487E-ADCB-F6155AB84B64}.Debug|x64.Build.0 = Debug|x64
		{F4335E6C-A7A1-487E-ADCB-F6155AB84B64}.Debug|x86.ActiveCfg = Debug|Win32
		{F4335E6C-A7A1-487E-ADCB-F6155AB84B64}.Debug|x86.Build.0 = Debug|Win32
		{F4335E6C-A7A1-487E-ADCB-F6155AB84B64}.Release|x64.ActiveCfg = Release|x64
		{F4335E6C-A7A1-487E-ADCB-F6155AB84B64}.Release|x64.Build.0 = Release|x64
		{F4335E6C-A7A1-487E-ADCB-F6155AB84B64}.Release|x86.ActiveCfg = Release|Win32
		{F4335E6C-A7A1-487E-ADCB-F6155AB84B64}.Release|x86.Build.0 = Release|Win32
		{98FBEDE4-2778-48CB-8F37-FE4D92411754}.Debug|x64.ActiveCfg = Debug|x64
		{98FBEDE4-2778-48CB-8F37-FE4D92411754}.Debug|x64.Build.0 = Debug|x64
		{98FBEDE4-2778-48CB-8F37-FE4D92411754}.Debug|x86.ActiveCfg = Debug|Win32
		{98FBEDE4-2778-48CB-8F37-FE4D92411754}.Debug|x86.Build.0 = Debug|Win32
		{98FBEDE4-2778-48CB-8F37-FE4D92411754}.Release|x64.ActiveCfg = Release|x64
		{98FBEDE4-2778-48CB-8F37-FE4D92411754}.Release|x64.Build.0 = Release|x64
		{98FBEDE4-2778-48CB-8F37-FE4D92411754}.Release|x86.ActiveCfg = Release|Win32
		{98FBEDE4-2778-48CB-8F37-FE4D92411754}.Release|x86.Build.0 = Release|Win32
		{C7913BD7-A198-4009-BEAF-84FD89A143F7}.Debug|x64.ActiveCfg = Debug|x64
		{C7913BD7-A198-4009-BEAF-84FD89A143F7}.Debug|x64.Build.0 = Debug|x64
		{C7913BD7-A198-4009-BEAF-84FD89A143F7}.Debug|x86.ActiveCfg = Debug|Win32
		{C7913BD7-A198-4009-BEAF-84FD89A143F7}.Debug|x86.Build.0 = Debug|Win32
		{C7913BD7-A198-4009-BEAF-84FD89A143F7}.Release|x64.ActiveCfg = Release|x64
		{C7913BD7-A198-4009-BEAF-84FD89A143F7}.Release|x64.Build.0 = Release|x64
		{C7913BD7-A198-4009-BEAF-84FD89A143F7}.Release|x86.ActiveCfg = Release|Win32
		{C7913BD7-A198-4009-BEAF-84FD89A143F7}.Release|x86.Build.0 = Release|Win32
		{3D25A093-FDFE-4C9B-BAF7-62E77D4BACD0}.Debug|x64.ActiveCfg = Debug|x64
		{3D25A093-FDFE-4C9B-BAF7-62E77D4BACD0}.Debug|x64.Build.0 = Debug|x64
		{3D25A093-FDFE-4C9B-BAF7-62E77D4BACD0}.Debug|x86.ActiveCfg = Debug|Win32
		{3D25A093-FDFE-4C9B-BAF7-62E77D4BACD0}.Debug|x86.Build.0 = Debug|Win32
		{3D25A093-FDFE-4C9B-BAF7-62E77D4BACD0}.Release|x64.ActiveCfg = Release|x64
		{3D25A093-FDFE-4C9B-BAF7-62E77D4BACD0}.Release|x64.Build.0 = Release|x64
		{3D25A093-FDFE-4C9B-BAF7-62E77D4BACD0}.Release|x86.ActiveCfg = Release|Win32
		{3D25A093-FDFE-4C9B-BAF7-62E77D4BACD0}.Release|x86.Build.0 = Release|Win32
		{E6C67D02-0887-48CC-A0B0-9EC884C1242E}.Debug|x64.ActiveCfg = Debug|x64
		{E6C67D02-0887-48CC-A0B0-9EC884C1242E}.Debug|x64.Build.0 = Debug|x64
		{E6C67D02-0887-48CC-A0B0-9EC884C1242E}.Debug|x86.ActiveCfg = Debug|Win32
		{E6C67D02-0887-48CC-A0B0-9EC884C1242E}.Debug|x86.Build.0 = Debug|Win32
		{E6C67D02-0887-48CC-A0B0-9EC884C1242E}.Release|x64.ActiveCfg = Release|x64
		{E6C67D02-0887-48CC-A0B0-9EC884C1242E}.Release|x64.Build.0 = Release|x64
		{E6C67D02-0887-48CC-A0B0-9EC884C1242E}.Release|x86.ActiveCfg = Release|Win32
		{E6C67D02-0887-48CC-A0B0-9EC884C1242E}.Release|x86.Build.0 = Release|Win32
		{E39A51A2-185A-48AD-B798-7815159A130B}.Debug|x64.ActiveCfg = Debug|x64
		{E39A51A2-185A-48AD-B798-7815159A130B}.Debug|x64.Build.0 = Debug|x64
		{E39A51A2-185A-48AD-B798-7815159A130B}.Debug|x86.ActiveCfg = Debug|Win32
		{E39A51A2-185A-48AD-B798-7815159A130B}.Debug|x86.Build.0 = Debug|Win32
		{E39A51A2-185A-48AD-B798-7815159A130B}.Release|x64.ActiveCfg = Release|x64
		{E39A51A2-185A-48AD-B798-7815159A130B}.Release|x64.Build.0 = Release|x64
		{E39A51A2-185A-48AD-B798-7815159A130B}.Release|x86.ActiveCfg = Release|Win32
		{E39A51A2-185A-48AD-B798-7815159A130B}.Release|x86.Build.0 = Release|Win32
		{0A72451E-05C8-4151-A71E-E68267F1A9FF}.Debug|x64.ActiveCfg = Debug|x64
		{0A72451E-05C8-4151-A71E-E68267F1A9FF}.Debug|x64.Build.0 = Debug|x64
		{0A72451E-05C8-4151-A71E-E68267F1A9FF}.Debug|x86.ActiveCfg = Debug|Win32
		{0A72451E-05C8-4151-A71E-E68267F1A9FF}.Debug|x86.Build.0 = Debug|Win32
		{0A72451E-05C8-4151-A71E-E68267F1A9FF}.Release|x64.ActiveCfg = Release|x64
		{0A72451E-05C8-4151-A71E-E68267F1A9FF}.Release|x64.Build.0 = Release|x64
		{0A72451E-05C8-4151-A71E-E68267F1A9FF}.Release|x86.ActiveCfg = Release|Win32
		{0A72451E-05C8-4151-A71E-E68267F1A9FF}.Release|x86.Build.0 = Release|Win32
		{4781C7E7-BF0A-4804-BCC4-5E9ACC89E3A3}.Debug|x64.ActiveCfg = Debug|x64
		{4781C7E7-BF0A-4804-BCC4-5E9ACC89E3A3}.Debug|x64.Build.0 = Debug|x64
		{4781C7E7-BF0A-4804-BCC4-5E9ACC89E3A3}.Debug|x86.ActiveCfg = Debug|Win32
		{4781C7E7-BF0A-4804-BCC4-5E9ACC89E3A3}.Debug|x86.Build.0 = Debug|Win32
		{4781C7E7-BF0A-4804-BCC4-5E9ACC89E3A3}.Release|x64.ActiveCfg = Release|x64
		{4781C7E7-BF0A-4804-BCC4-5E9ACC89E3A3}.Release|x64.Build.0 = Release|x64
		{4781C7E7-BF0A-4804-BCC4-5E9ACC89E3A3}.Release|x86.ActiveCfg = Release|Win32
		{4781C7E7-BF0A-4804-BCC4-5E9ACC89E3A3}.Release|x86.Build.0 = Release|Win32
		{17CEE159-FC5B-40CB-8ADA-1252C8820CCA}.Debug|x64.ActiveCfg = Debug|x64
		{17CEE159-FC5B-40CB-8ADA-1252C8820CCA}.Debug|x64.Build.0 = Debug|x64
		{17CEE159-FC5B-40CB-8ADA-1252C8820CCA}.Debug|x86.ActiveCfg = Debug|Win32
		{17CEE159-FC5B-40CB-8ADA-1252C8820CCA}.Debug|x86.Build.0 = Debug|Win32
		{17CEE159-FC5B-40CB-8ADA-1252C8820CCA}.Release|x64.ActiveCfg = Release|x64
		{17CEE159-FC5B-40CB-8ADA-1252C8820CCA}.Release|x64.Build.0 = Release|x64
		{17CEE159-FC5B-40CB-8ADA-1252C8820CCA}.Release|x86.ActiveCfg = Release|Win32
		{17CEE159-FC5B-40CB-8ADA-1252C8820CCA}.Release|x86.Build.0 = Release|Win32
		{96E7F495-BE51-464C-B4A7-9BDBBFCC518B}.Debug|x64.ActiveCfg = Debug|x64
		{96E7F495-BE51-464C-B4A7-9BDBBFCC518B}.Debug|x64.Build.0 = Debug|x64
		{96E7F495-BE51-464C-B4A7-9BDBBFCC518B}.Debug|x86.ActiveCfg = Debug|Win32
		{96E7F495-BE51-464C-B4A7-9BDBBFCC518B}.Debug|x86.Build.0 = Debug|Win32
		{96E7F495-BE51-464C-B4A7-9BDBBFCC518B}.Release|x64.ActiveCfg = Release|x64
		{96E7F495-BE51-464C-B4A7-9BDBBFCC518B}.Release|x64.Build.0 = Release|x64
		{96E7F495-BE51-464C-B4A7-9BDBBFCC518B}.Release|x86.ActiveCfg = Release|Win32
		{96E7F495-BE51-464C-B4A7-9BDBBFCC518B}.Release|x86.Build.0 = Release|Win32
		{C3B7FADB-E434-4404-8028-8156BEB650D0}.Debug|x64.ActiveCfg = Debug|x64
		{C3B7FADB-E434-4404-8028-8156BEB650D0}.Debug|x64.Build.0 = Debug|x64
		{C3B7FADB-E434-4404-8028-8156BEB650D0}.Debug|x86.ActiveCfg = Debug|Win32
		{C3B7FADB-E434-4404-8028-8156BEB650D0}.Debug|x86.Build.0 = Debug|Win32
		{C3B7FADB-E434-4404-8028-8156BEB650D0}.Release|x64.ActiveCfg = Release|x64
		{C3B7FADB-E434-4404-8028-8156BEB650D0}.Release|x64.Build.0 = Release|x64
		{C3B7FADB-E434-4404-8028-8156BEB650D0}.Release|x86.ActiveCfg = Release|Win32
		{C3B7FADB-E434-4404-8028-8156BEB650D0}.Release|x86.Build.0 = Release|Win32
		{94501E25-3F89-4BBE-988B-3FF99D61670A}.Debug|x64.ActiveCfg = Debug|x64
		{94501E25-3F89-4BBE-988B-3FF99D61670A}.Debug|x64.Build.0 = Debug|x64
		{94501E25-3F89-4BBE-988B-3FF99D61670A}.Debug|x86.ActiveCfg = Debug|Win32
		{94501E25-3F89-4BBE-988B-3FF99D61670A}.Debug|x86.Build.0 = Debug|Win32
		{94501E25-3F89-4BBE-988B-3FF99D61670A}.Release|x64.ActiveCfg = Release|x64
		{94501E25-3F89-4BBE-988B-3FF99D61670A}.Release|x64.Build.0 = Release|x64
		{94501E25-3F89-4BBE-988B-3FF99D61670A}.Release|x86.ActiveCfg = Release|Win32
		{94501E25-3F89-4BBE-988B-3FF99D61670A}.Release|x86.Build.0 = Release|Win32
		{EF60E93C-1C58-4D46-AA27-223E36A9BE74}.Debug|x64.ActiveCfg = Debug|x64
		{EF60E93C-1C58-4D46-AA27-223E36A9BE74}.Debug|x64.Build.0 = Debug|x64
		{EF60E93C-1C58-4D46-AA27-223E36A9BE74}.Debug|x86.ActiveCfg = Debug|Win32
		{EF60E93C-1C58-4D46-AA27-223E36A9BE74}.Debug|x86.Build.0 = Debug|Win32
		{EF60E93C-1C58-4D46-AA27-223E36A9BE74}.Release|x64.ActiveCfg = Release|x64
		{EF60E93C-1C58-4D46-AA27-223E36A9BE74}.Release|x64.Build.0 = Release|x64
		{EF60E93C-1C58-4D46-AA27-223E36A9BE74}.Release|x86.ActiveCfg = Release|Win32
		{EF60E93C-1C58-4D46-AA27-223E36A9BE74}.Release|x86.Build.0 = Release|Win32
		{DAEDD4B2-26B5-4447-A3DF-1987A182CE77}.Debug|x64.ActiveCfg = Debug|x64
		{DAEDD4B2-26B5-4447-A3DF-1987A182CE77}.Debug|x64.Build.0 = Debug|x64
		{DAEDD4B2-26B5-4447-A3DF-1987A182CE77}.Debug|x86.ActiveCfg = Debug|Win32
		{DAEDD4B2-26B5-4447-A3DF-1987A182CE77}.Debug|x86.Build.0 = Debug|Win32
		{DAEDD4B2-26B5-4447-A3DF-1987A182CE77}.Release|x64.ActiveCfg = Release|x64
		{DAEDD4B2-26B5-4447-A3DF-1987A182CE77}.Release|x64.Build.0 = Release|x64
		{DAEDD4B2-26B5-4447-A3DF-1987A182CE77}.Release|x86.ActiveCfg = Release|Win32
		{DAEDD4B2-26B5-4447-A3DF-1987A182CE77}.Release|x86.Build.0 = Release|Win32
		{513D1159-AB9F-49CD-9088-A7E960B04CBF}.Debug|x64.ActiveCfg = Debug|x64
		{513D1159-AB9F-49CD-9088-A7E960B04CBF}.Debug|x64.Build.0 = Debug|x64
		{513D1159-AB9F-49CD-9088-A7E960B04CBF}.Debug|x86.ActiveCfg = Debug|Win32
		{513D1159-AB9F-49CD-9088-A7E960B04CBF}.Debug|x86.Build.0 = Debug|Win32
		{513D1159-AB9F-49CD-9088-A7E960B04CBF}.Release|x64.ActiveCfg = Release|x64
		{513D1159-AB9F-49CD-9088-A7E960B04CBF}.Release|x64.Build.0 = Release|x64
		{513D1159-AB9F-49CD-9088-A7E960B04CBF}.Release|x86.ActiveCfg = Release|Win32
		{513D1159-AB9F-49CD-9088-A7E960B04CBF}.Release|x86.Build.0 = Release|Win32
		{2964DDA9-ED47-45FF-BDE8-340145CA6BD6}.Debug|x64.ActiveCfg = Debug|x64
		{2964DDA9-ED47-45FF-BDE8-340145CA6BD6}.Debug|x64.Build.0 = Debug|x64
		{2964DDA9-ED47-45FF-BDE8-340145CA6BD6}.Debug|x86.ActiveCfg = Debug|Win32
		{2964DDA9-ED47-45FF-BDE8-340145CA6BD6}.Debug|x86.Build.0 = Debug|Win32
		{2964DDA9-ED47-45FF-BDE8-340145CA6BD6}.Release|x64.ActiveCfg = Release|x64
		{2964DDA9-ED47-45FF-BDE8-340145CA6BD6}.Release|x64.Build.0 = Release|x64
		{2964DDA9-ED47-45FF-BDE8-340145CA6BD6}.Release|x86.ActiveCfg = Release|Win32
		{2964DDA9-ED47-45FF-BDE8-340145CA6BD6}.Release|x86.Build.0 = Release|Win32
		{47B1B7C7-B90C-4881-B965-1E01C4505301}.Debug|x64.ActiveCfg = Debug|x64
		{47B1B7C7-B90C-4881-B965-1E01C4505301}.Debug|x64.Build.0 = Debug|x64
		{47B1B7C7-B90C-4881-B965-1E01C4505301}.Debug|x86.ActiveCfg = Debug|Win32
		{47B1B7C7-B90C-4881-B965-1E01C4505301}.Debug|x86.Build.0 = Debug|Win32
		{47B1B7C7-B90C-4881-B965-1E01C4505301}.Release|x64.ActiveCfg = Release|x64
		{47B1B7C7-B90C-4881-B965-1E01C4505301}.Release|x64.Build.0 = Release|x64
		{47B1B7C7-B90C-4881-B965-1E01C4505301}.Release|x86.ActiveCfg = Release|Win32
		{47B1B7C7-B90C-4881-B965-1E01C4505301}.Release|x86.Build.0 = Release|Win32
		{A05D92CB-1BB6-44D6-9A95-C34D90FF4AFC}.Debug|x64.ActiveCfg = Debug|x64
		{A05D92CB-1BB6-44D6-9A95-C34D90FF4AFC}.Debug|x64.Build.0 = Debug|x64
		{A05D92CB-1BB6-44D6-9A95-C34D90FF4AFC}.Debug|x86.ActiveCfg = Debug|Win32
		{A05D92CB-1BB6-44D6-9A95-C34D90FF4AFC}.Debug|x86.Build.0 = Debug|Win32
		{A05D92CB-1BB6-44D6-9A95-C34D90FF4AFC}.Release|x64.ActiveCfg = Release|x64
		{A05D92CB-1BB6-44D6-9A95-C34D90FF4AFC}.Release|x64.Build.0 = Release|x64
		{A05D92CB-1BB6-44D6-9A95-C34D90FF4AFC}.Release|x86.ActiveCfg = Release|Win32
		{A05D92CB-1BB6-44D6-9A95-C34D90FF4AFC}.Release|x86.Build.0 = Release|Win32
		{6A30C7F0-7010-4E51-AAEA-A9F385D6F11E}.Debug|x64.ActiveCfg = Debug|x64
		{6A30C7F0-7010-4E51-AAEA-A9F385D6F11E}.Debug|x64.Build.0 = Debug|x64
		{6A30C7F0-7010-4E51-AAEA-A9F385D6F11E}.Debug|x86.ActiveCfg = Debug|Win32
		{6A30C7F0-7010-4E51-AAEA-A9F385D6F11E}.Debug|x86.Build.0 = Debug|Win32
		{6A30C7F0-7010-4E51-AAEA-A9F385D6F11E}.Release|x64.ActiveCfg = Release|x64
		{6A30C7F0-7010-4E51-AAEA-A9F385D6F11E}.Release|x64.Build.0 = Release|x64
		{6A30C7F0-7010-4E51-AAEA-A9F385D6F11E}.Release|x86.ActiveCfg = Release|Win32
		{6A30C7F0-7010-4E51-AAEA-A9F385D6F11E}.Release|x86.Build.0 = Release|Win32
		{E81AC186-3666-4F49-B402-C4881D9324A8}.Debug|x64.ActiveCfg = Debug|x64
		{E81AC186-3666-4F49-B402-C4881D9324A8}.Debug|x64.Build.0 = Debug|x64
		{E81AC186-3666-4F49-B402-C4881D9324A8}.Debug|x86.ActiveCfg = Debug|Win32
		{E81AC186-3666-4F49-B402-C4881D9324A8}.Debug|x86.Build.0 = Debug|Win32
		{E81AC186-3666-4F49-B402-C4881D9324A8}.Release|x64.ActiveCfg = Release|x64
		{E81AC186-3666-4F49-B402-C4881D9324A8}.Release|x64.Build.0 = Release|x64
		{E81AC186-3666-4F49-B402-C4881D9324A8}.Release|x86.ActiveCfg = Release|Win32
		{E81AC186-3666-4F49-B402-C4881D9324A8}.Release|x86.Build.0 = Release|Win32
		{6B13ECFA-2254-45B9-A223-0D15C4ED6DA4}.Debug|x64.ActiveCfg = Debug|x64
		{6B13ECFA-2254-45B9-A223-0D15C4ED6DA4}.Debug|x64.Build.0 = Debug|x64
		{6B13ECFA-2254-45B9-A223-0D15C4ED6DA4}.Debug|x86.ActiveCfg = Debug|Win32
		{6B13ECFA-2254-45B9-A223-0D15C4ED6DA4}.Debug|x86.Build.0 = Debug|Win32
		{6B13ECFA-2254-45B9-A223-0D15C4ED6DA4}.Release|x64.ActiveCfg = Release|x64
		{6B13ECFA-2254-45B9-A223-0D15C4ED6DA4}.Release|x64.Build.0 = Release|x64
		{6B13ECFA-2254-45B9-A223-0D15C4ED6DA4}.Release|x86.ActiveCfg = Release|Win32
		{6B13ECFA-2254-45B9-A223-0D15C4ED6DA4}.Release|x86.Build.0 = Release|Win32
		{B02DA857-2D60-47BF-A8AD-3F43F002D5DA}.Debug|x64.ActiveCfg = Debug|x64
		{B02DA857-2D60-47BF-A8AD-3F43F002D5DA}.Debug|x64.Build.0 = Debug|x64
		{B02DA857-2D60-47BF-A8AD-3F43F002D5DA}.Debug|x86.ActiveCfg = Debug|Win32
		{B02DA857-2D60-47BF-A8AD-3F43F002D5DA}.Debug|x86.Build.0 = Debug|Win32
		{B02DA857-2D60-47BF-A8AD-3F43F002D5DA}.Release|x64.ActiveCfg = Release|x64
		{B02DA857-2D60-47BF-A8AD-3F43F002D5DA}.Release|x64.Build.0 = Release|x64
		{B02DA857-2D60-47BF-A8AD-3F43F002D5DA}.Release|x86.ActiveCfg = Release|Win32
		{B02DA857-2D60-47BF-A8AD-3F43F002D5DA}.Release|x86.Build.0 = Release|Win32
		{155D02E5-9603-4F86-A2DF-6489C9743B86}.Debug|x64.ActiveCfg = Debug|x64
		{155D02E5-9603-4F86-A2DF-6489C9743B86}.Debug|x64.Build.0 = Debug|x64
		{155D02E5-9603-4F86-A2DF-6489C9743B86}.Debug|x86.ActiveCfg = Debug|Win32
		{155D02E5-9603-4F86-A2DF-6489C9743B86}.Debug|x86.Build.0 = Debug|Win32
		{155D02E5-9603-4F86-A2DF-6489C9743B86}.Release|x64.ActiveCfg = Release|x64
		{155D02E5-9603-4F86-A2DF-6489C9743B86}.Release|x64.Build.0 = Release|x64
		{155D02E5-9603-4F86-A2DF-6489C9743B86}.Release|x86.ActiveCfg = Release|Win32
		{155D02E5-9603-4F86-A2DF-6489C9743B86}.Release|x86.Build.0 = Release|Win32
		{81A84E5F-CEF7-4F9D-AF05-D5BD54A0BCF6}.Debug|x64.ActiveCfg = Debug|x64
		{81A84E5F-CEF7-4F9D-AF05-D5BD54A0BCF6}.Debug|x64.Build.0 = Debug|x64
		{81A84E5F-CEF7-4F9D-AF05-D5BD54A0BCF6}.Debug|x86.ActiveCfg = Debug|Win32
		{81A84E5F-CEF7-4F9D-AF05-D5BD54A0BCF6}.Debug|x86.Build.0 = Debug|Win32
		{81A84E5F-CEF7-4F9D-AF05-D5BD54A0BCF6}.Release|x64.ActiveCfg = Release|x64
		{81A84E5F-CEF7-4F9D-AF05-D5BD54A0BCF6}.Release|x64.Build.0 = Release|x64
		{81A84E5F-CEF7-4F9D-AF05-D5BD54A0BCF6}.Release|x86.ActiveCfg = Release|Win32
		{81A84E5F-CEF7-4F9D-AF05-D5BD54A0BCF6}.Release|x86.Build.0 = Release|Win32
		{5A6E04DF-36A0-412A-9757-8DBFD89B5C1D}.Debug|x64.ActiveCfg = Debug|x64
		{5A6E04DF-36A0-412A-9757-8DBFD89B5C1D}.Debug|x64.Build.0 = Debug|x64
		{5A6E04DF-36A0-412A-9757-8DBFD89B5C1D}.Debug|x86.ActiveCfg = Debug|Win32
		{5A6E04DF-36A0-412A-9757-8DBFD89B5C1D}.Debug|x86.Build.0 = Debug|Win32
		{5A6E04DF-36A0-412A-9757-8DBFD89B5C1D}.Release|x64.ActiveCfg = Release|x64
		{5A6E04DF-36A0-412A-9757-8DBFD89B5C1D}.Release|x64.Build.0 = Release|x64
		{5A6E04DF-36A0-412A-9757-8DBFD89B5C1D}.Release|x86.ActiveCfg = Release|Win32
		{5A6E04DF-36A0-412A-9757-8DBFD89B5C1D}.Release|x86.Build.0 = Release|Win32
		{8342B938-120C-4348-BF04-3FC86EEA634A}.Debug|x64.ActiveCfg = Debug|x64
		{8342B938-120C-4348-BF04-3FC86EEA634A}.Debug|x64.Build.0 = Debug|x64
		{8342B938-120C-4348-BF04-3FC86EEA634A}.Debug|x86.ActiveCfg = Debug|Win32
		{8342B938-120C-4348-BF04-3FC86EEA634A}.Debug|x86.Build.0 = Debug|Win32
		{8342B938-120C-4348-BF04-3FC86EEA634A}.Release|x64.ActiveCfg = Release|x64
		{8342B938-120C-4348-BF04-3FC86EEA634A}.Release|x64.Build.0 = Release|x64
		{8342B938-120C-4348-BF04-3FC86EEA634A}.Release|x86.ActiveCfg = Release|Win32
		{8342B938-120C-4348-BF04-3FC86EEA634A}.Release|x86.Build.0 = Release|Win32
		{431B09E2-79AA-49F0-9142-71627F424D41}.Debug|x64.ActiveCfg = Debug|x64
		{431B09E2-79AA-49F0-9142-71627F424D41}.Debug|x64.Build.0 = Debug|x64
		{431B09E2-79AA-49F0-9142-71627F424D41}.Debug|x86.ActiveCfg = Debug|Win32
		{431B09E2-79AA-49F0-9142-71627F424D41}.Debug|x86.Build.0 = Debug|Win32
		{431B09E2-79AA-49F0-9142-71627F424D41}.Release|x64.ActiveCfg = Release|x64
		{431B09E2-79AA-49F0-9142-71627F424D41}.Release|x64.Build.0 = Release|x64
		{431B09E2-79AA-49F0-9142-71627F424D41}.Release|x86.ActiveCfg = Release|Win32
		{431B09E2-79AA-49F0-9142-71627F424D41}.Release|x86.Build.0 = Release|Win32
		{CBC7D986-7D16-4ACB-899D-39B7853A266D}.Debug|x64.ActiveCfg = Debug|x64
		{CBC7D986-7D16-4ACB-899D-39B7853A266D}.Debug|x64.Build.0 = Debug|x64
		{CBC7D986-7D16-4ACB-899D-39B7853A266D}.Debug|x86.ActiveCfg = Debug|Win32
		{CBC7D986-7D16-4ACB-899D-39B7853A266D}.Debug|x86.Build.0 = Debug|Win32
		{CBC7D986-7D16-4ACB-899D-39B7853A266D}.Release|x64.ActiveCfg = Release|x64
		{CBC7D986-7D16-4ACB-899D-39B7853A266D}.Release|x64.Build.0 = Release|x64
		{CBC7D986-7D16-4ACB-899D-39B7853A266D}.Release|x86.ActiveCfg = Release|Win32
		{CBC7D986-7D16-4ACB-899D-39B7853A266D}.Release|x86.Build.0 = Release|Win32
		{475EEAAA-4B0C-44BE-9C23-EB7C4E4DE06A}.Debug|x64.ActiveCfg = Debug|x64
		{475EEAAA-4B0C-44BE-9C23-EB7C4E4DE06A}.Debug|x64.Build.0 = Debug|x64
		{475EEAAA-4B0C-44BE-9C23-EB7C4E4DE06A}.Debug|x86.ActiveCfg = Debug|Win32
		{475EEAAA-4B0C-44BE-9C23-EB7C4E4DE06A}.Debug|x86.Build.0 = Debug|Win32
		{475EEAAA-4B0C-44BE-9C23-EB7C4E4DE06A}.Release|x64.ActiveCfg = Release|x64
		{475EEAAA-4B0C-44BE-9C23-EB7C4E4DE06A}.Release|x64.Build.0 = Release|x64
		{475EEAAA-4B0C-44BE-9C23-EB7C4E4DE06A}.Release|x86.ActiveCfg = Release|Win32
		{475EEAAA-4B0C-44BE-9C23-EB7C4E4DE06A}.Release|x86.Build.0 = Release|Win32
		{9A03EA8B-751E-4838-8FF4-7B8924D8A84F}.Debug|x64.ActiveCfg = Debug|x64
		{9A03EA8B-751E-4838-8FF4-7B8924D8A84F}.Debug|x64.Build.0 = Debug|x64
		{9A03EA8B-751E-4838-8FF4-7B8924D8A84F}.Debug|x86.ActiveCfg = Debug|Win32
		{9A03EA8B-751E-4838-8FF4-7B8924D8A84F}.Debug|x86.Build.0 = Debug|Win32
		{9A03EA8B-751E-4838-8FF4-7B8924D8A84F}.Release|x64.ActiveCfg = Release|x64
		{9A03EA8B-751E-4838-8FF4-7B8924D8A84F}.Release|x64.Build.0 = Release|x64
		{9A03EA8B-751E-4838-8FF4-7B8924D8A84F}.Release|x86.ActiveCfg = Release|Win32
		{9A03EA8B-751E-4838-8FF4-7B8924D8A84F}.Release|x86.Build.0 = Release|Win32
		{1C620F84-C442-4D06-9792-E745EE42E7AC}.Debug|x64.ActiveCfg = Debug|x64
		{1C620F84-C442-4D06-9792-E745EE42E7AC}.Debug|x64.Build.0 = Debug|x64
		{1C620F84-C442-4D06-9792-E745EE42E7AC}.Debug|x86.ActiveCfg = Debug|Win32
		{1C620F84-C442-4D06-9792-E745EE42E7AC}.Debug|x86.Build.0 = Debug|Win32
		{1C620F84-C442-4D06-9792-E745EE42E7AC}.Release|x64.ActiveCfg = Release|x64
		{1C620F84-C442-4D06-9792-E745EE42E7AC}.Release|x64.Build.0 = Release|x64
		{1C620F84-C442-4D06-9792-E745EE42E7AC}.Release|x86.ActiveCfg = Release|Win32
		{1C620F84-C442-4D06-9792-E745EE42E7AC}.Release|x86.Build.0 = Release|Win32
		{9994CA9F-B112-41EC-963F-0FF20F82D962}.Debug|x64.ActiveCfg = Debug|x64
		{9994CA9F-B112-41EC-963F-0FF20F82D962}.Debug|x64.Build.0 = Debug|x64
		{9994CA9F-B112-41EC-963F-0FF20F82D962}.Debug|x86.ActiveCfg = Debug|Win32
		{9994CA9F-B112-41EC-963F-0FF20F82D962}.Debug|x86.Build.0 = Debug|Win32
		{9994CA9F-B112-41EC-963F-0FF20F82D962}.Release|x64.ActiveCfg = Release|x64
		{9994CA9F-B112-41EC-963F-0FF20F82D962}.Release|x64.Build.0 = Release|x64
		{9994CA9F-B112-41EC-963F-0FF20F82D962}.Release|x86.ActiveCfg = Release|Win32
		{9994CA9F-B112-41EC-963F-0FF20F82D962}.Release|x86.Build.0 = Release|Win32
		{5E3FBE01-C6CA-4482-A226-EAA4951F9EB0}.Debug|x64.ActiveCfg = Debug|x64
		{5E3FBE01-C6CA-4482-A226-EAA4951F9EB0}.Debug|x64.Build.0 = Debug|x64
		{5E3FBE01-C6CA-4482-A226-EAA4951F9EB0}.Debug|x86.ActiveCfg = Debug|Win32
		{5E3FBE01-C6CA-4482-A226-EAA4951F9EB0}.Debug|x86.Build.0 = Debug|Win32
		{5E3FBE01-C6CA-4482-A226-EAA4951F9EB0}.Release|x64.ActiveCfg = Release|x64
		{5E3FBE01-C6CA-4482-A226-EAA4951F9EB0}.Release|x64.Build.0 = Release|x64
		{5E3FBE01-C6CA-4482-A226-EAA4951F9EB0}.Release|x86.ActiveCfg = Release|Win32
		{5E3FBE01-C6CA-4482-A226-EAA4951F9EB0}.Release|x86.Build.0 = Release|Win32
		{3DDBEF35-885B-4814-B891-DBC2D773E9DE}.Debug|x64.ActiveCfg = Debug|x64
		{3DDBEF35-885B-4814-B891-DBC2D773E9DE}.Debug|x64.Build.0 = Debug|x64
		{3DDBEF35-885B-4814-B891-DBC2D773E9DE}.Debug|x86.ActiveCfg = Debug|Win32
		{3DDBEF35-885B-4814-B891-DBC2D773E9DE}.Debug|x86.Build.0 = Debug|Win32
		{3DDBEF35-885B-4814-B891-DBC2D773E9DE}.Release|x64.ActiveCfg = Release|x64
		{3DDBEF35-885B-4814-B891-DBC2D773E9DE}.Release|x64.Build.0 = Release|x64
		{3DDBEF35-885B-4814-B891-DBC2D773E9DE}.Release|x86.ActiveCfg = Release|Win32
		{3DDBEF35-885B-4814-B891-DBC2D773E9DE}.Release|x86.Build.0 = Release|Win32
	EndGlobalSection
	GlobalSection(SolutionProperties) = preSolution
		HideSolutionNode = FALSE
	EndGlobalSection
	GlobalSection(ExtensibilityGlobals) = postSolution
		SolutionGuid = {2AE31442-FD43-4D1A-B49D-DDE9BA7541C7}
	EndGlobalSection
EndGlobal
